
Microsoft Visual Studio Solution File, Format Version 12.00
Project("{2150E333-8FDC-42A3-9474-1A3956D46DE8}") = "Solution Items", "Solution Items", "{A1B2C3D4-E5F6-7890-ABCD-EF1234567890}"
	ProjectSection(SolutionItems) = preProject
		.env = .env
		docker-compose.yml = docker-compose.yml
		DOCKER.md = DOCKER.md
		docker\ServiceBusEmulator\Config.json = docker\ServiceBusEmulator\Config.json
	EndProjectSection
EndProject
Project("{FAE04EC0-301F-11D3-BF4B-00C04F79EFBC}") = "FieldService.TemplateService", "FieldService.TemplateService\FieldService.TemplateService.csproj", "{EE0DD127-3ABB-4ACF-93EC-11B6E6BF2523}"
EndProject
Project("{FAE04EC0-301F-11D3-BF4B-00C04F79EFBC}") = "FieldService.Shared", "FieldService.Shared\FieldService.Shared.csproj", "{8F83E6C5-44A0-4A77-99AF-357DEC5FA231}"
EndProject
Project("{FAE04EC0-301F-11D3-BF4B-00C04F79EFBC}") = "FieldService.Api", "FieldService.Api\FieldService.Api.csproj", "{653978B1-90FF-41E6-AE34-EE428D669D40}"
EndProject
Project("{FAE04EC0-301F-11D3-BF4B-00C04F79EFBC}") = "FieldService.Broker", "FieldService.Broker\FieldService.Broker.csproj", "{4ABED5EC-5A77-4A47-8283-ECB9753CF0C2}"
EndProject
Project("{FAE04EC0-301F-11D3-BF4B-00C04F79EFBC}") = "FieldService.Cache", "FieldService.Cache\FieldService.Cache.csproj", "{AD41D3D0-C1E7-4AD3-AE17-71118D927BC6}"
EndProject
Project("{FAE04EC0-301F-11D3-BF4B-00C04F79EFBC}") = "FieldService.Data", "FieldService.Data\FieldService.Data.csproj", "{B6D8C622-F219-4683-A1B5-88EB938B62AF}"
EndProject
Project("{FAE04EC0-301F-11D3-BF4B-00C04F79EFBC}") = "FieldService.InfraTest", "FieldService.InfraTest\FieldService.InfraTest.csproj", "{35CA1C49-B0E5-4F87-9A5E-6BF3548A9950}"
EndProject
Project("{FAE04EC0-301F-11D3-BF4B-00C04F79EFBC}") = "FieldService.Authorization", "FieldService.Authorization\FieldService.Authorization.csproj", "{8E94CC6B-63D3-4AF9-8D08-DA416AE3E77A}"
EndProject
Project("{FAE04EC0-301F-11D3-BF4B-00C04F79EFBC}") = "FieldService.Notification", "FieldService.Notification\FieldService.Notification.csproj", "{63D0E48D-CA99-46D3-81D0-B1E76F793430}"
EndProject
Project("{FAE04EC0-301F-11D3-BF4B-00C04F79EFBC}") = "FieldService.SignalR", "FieldService.SignalR\FieldService.SignalR.csproj", "{9EF4F62A-E8B9-4FC5-96DA-60D7DE61D64C}"
EndProject
Project("{FAE04EC0-301F-11D3-BF4B-00C04F79EFBC}") = "FieldService.Authentication", "FieldService.Authentication\FieldService.Authentication.csproj", "{BDC6BAED-05EE-4FDB-ACFB-79CAF4732C26}"
EndProject
Project("{FAE04EC0-301F-11D3-BF4B-00C04F79EFBC}") = "FieldService.Audit", "FieldService.Audit\FieldService.Audit.csproj", "{CDA3723E-42CF-4A8C-92D9-F928A0E56681}"
EndProject
Project("{FAE04EC0-301F-11D3-BF4B-00C04F79EFBC}") = "FieldService.Http", "FieldService.Http\FieldService.Http.csproj", "{792C56A9-F3D9-4E73-8455-9D49D7DBC925}"
EndProject
Project("{FAE04EC0-301F-11D3-BF4B-00C04F79EFBC}") = "FieldService.Observability", "FieldService.Observability\FieldService.Observability.csproj", "{6131CC01-DB13-4BE1-B4F2-51B3DAB2D008}"
EndProject
Project("{FAE04EC0-301F-11D3-BF4B-00C04F79EFBC}") = "FieldService.Queue", "FieldService.Queue\FieldService.Queue.csproj", "{A44967B4-FF3B-494D-9655-8DCC627FE5B3}"
EndProject
Project("{FAE04EC0-301F-11D3-BF4B-00C04F79EFBC}") = "FieldService.Seed", "FieldService.Seed\FieldService.Seed.csproj", "{1133797E-3331-431F-B8A2-EB427A718C50}"
EndProject
Project("{FAE04EC0-301F-11D3-BF4B-00C04F79EFBC}") = "FieldService.Storage", "FieldService.Storage\FieldService.Storage.csproj", "{DE709FBD-B530-4FBA-A520-6C9CE8B4D2D5}"
EndProject
Global
	GlobalSection(SolutionConfigurationPlatforms) = preSolution
		Debug|Any CPU = Debug|Any CPU
		Debug|x64 = Debug|x64
		Debug|x86 = Debug|x86
		Release|Any CPU = Release|Any CPU
		Release|x64 = Release|x64
		Release|x86 = Release|x86
	EndGlobalSection
	GlobalSection(ProjectConfigurationPlatforms) = postSolution
		{EE0DD127-3ABB-4ACF-93EC-11B6E6BF2523}.Debug|Any CPU.ActiveCfg = Debug|Any CPU
		{EE0DD127-3ABB-4ACF-93EC-11B6E6BF2523}.Debug|Any CPU.Build.0 = Debug|Any CPU
		{EE0DD127-3ABB-4ACF-93EC-11B6E6BF2523}.Debug|x64.ActiveCfg = Debug|Any CPU
		{EE0DD127-3ABB-4ACF-93EC-11B6E6BF2523}.Debug|x64.Build.0 = Debug|Any CPU
		{EE0DD127-3ABB-4ACF-93EC-11B6E6BF2523}.Debug|x86.ActiveCfg = Debug|Any CPU
		{EE0DD127-3ABB-4ACF-93EC-11B6E6BF2523}.Debug|x86.Build.0 = Debug|Any CPU
		{EE0DD127-3ABB-4ACF-93EC-11B6E6BF2523}.Release|Any CPU.ActiveCfg = Release|Any CPU
		{EE0DD127-3ABB-4ACF-93EC-11B6E6BF2523}.Release|Any CPU.Build.0 = Release|Any CPU
		{EE0DD127-3ABB-4ACF-93EC-11B6E6BF2523}.Release|x64.ActiveCfg = Release|Any CPU
		{EE0DD127-3ABB-4ACF-93EC-11B6E6BF2523}.Release|x64.Build.0 = Release|Any CPU
		{EE0DD127-3ABB-4ACF-93EC-11B6E6BF2523}.Release|x86.ActiveCfg = Release|Any CPU
		{EE0DD127-3ABB-4ACF-93EC-11B6E6BF2523}.Release|x86.Build.0 = Release|Any CPU
		{8F83E6C5-44A0-4A77-99AF-357DEC5FA231}.Debug|Any CPU.ActiveCfg = Debug|Any CPU
		{8F83E6C5-44A0-4A77-99AF-357DEC5FA231}.Debug|Any CPU.Build.0 = Debug|Any CPU
		{8F83E6C5-44A0-4A77-99AF-357DEC5FA231}.Debug|x64.ActiveCfg = Debug|Any CPU
		{8F83E6C5-44A0-4A77-99AF-357DEC5FA231}.Debug|x64.Build.0 = Debug|Any CPU
		{8F83E6C5-44A0-4A77-99AF-357DEC5FA231}.Debug|x86.ActiveCfg = Debug|Any CPU
		{8F83E6C5-44A0-4A77-99AF-357DEC5FA231}.Debug|x86.Build.0 = Debug|Any CPU
		{8F83E6C5-44A0-4A77-99AF-357DEC5FA231}.Release|Any CPU.ActiveCfg = Release|Any CPU
		{8F83E6C5-44A0-4A77-99AF-357DEC5FA231}.Release|Any CPU.Build.0 = Release|Any CPU
		{8F83E6C5-44A0-4A77-99AF-357DEC5FA231}.Release|x64.ActiveCfg = Release|Any CPU
		{8F83E6C5-44A0-4A77-99AF-357DEC5FA231}.Release|x64.Build.0 = Release|Any CPU
		{8F83E6C5-44A0-4A77-99AF-357DEC5FA231}.Release|x86.ActiveCfg = Release|Any CPU
		{8F83E6C5-44A0-4A77-99AF-357DEC5FA231}.Release|x86.Build.0 = Release|Any CPU
		{653978B1-90FF-41E6-AE34-EE428D669D40}.Debug|Any CPU.ActiveCfg = Debug|Any CPU
		{653978B1-90FF-41E6-AE34-EE428D669D40}.Debug|Any CPU.Build.0 = Debug|Any CPU
		{653978B1-90FF-41E6-AE34-EE428D669D40}.Debug|x64.ActiveCfg = Debug|Any CPU
		{653978B1-90FF-41E6-AE34-EE428D669D40}.Debug|x64.Build.0 = Debug|Any CPU
		{653978B1-90FF-41E6-AE34-EE428D669D40}.Debug|x86.ActiveCfg = Debug|Any CPU
		{653978B1-90FF-41E6-AE34-EE428D669D40}.Debug|x86.Build.0 = Debug|Any CPU
		{653978B1-90FF-41E6-AE34-EE428D669D40}.Release|Any CPU.ActiveCfg = Release|Any CPU
		{653978B1-90FF-41E6-AE34-EE428D669D40}.Release|Any CPU.Build.0 = Release|Any CPU
		{653978B1-90FF-41E6-AE34-EE428D669D40}.Release|x64.ActiveCfg = Release|Any CPU
		{653978B1-90FF-41E6-AE34-EE428D669D40}.Release|x64.Build.0 = Release|Any CPU
		{653978B1-90FF-41E6-AE34-EE428D669D40}.Release|x86.ActiveCfg = Release|Any CPU
		{653978B1-90FF-41E6-AE34-EE428D669D40}.Release|x86.Build.0 = Release|Any CPU
		{4ABED5EC-5A77-4A47-8283-ECB9753CF0C2}.Debug|Any CPU.ActiveCfg = Debug|Any CPU
		{4ABED5EC-5A77-4A47-8283-ECB9753CF0C2}.Debug|Any CPU.Build.0 = Debug|Any CPU
		{4ABED5EC-5A77-4A47-8283-ECB9753CF0C2}.Debug|x64.ActiveCfg = Debug|Any CPU
		{4ABED5EC-5A77-4A47-8283-ECB9753CF0C2}.Debug|x64.Build.0 = Debug|Any CPU
		{4ABED5EC-5A77-4A47-8283-ECB9753CF0C2}.Debug|x86.ActiveCfg = Debug|Any CPU
		{4ABED5EC-5A77-4A47-8283-ECB9753CF0C2}.Debug|x86.Build.0 = Debug|Any CPU
		{4ABED5EC-5A77-4A47-8283-ECB9753CF0C2}.Release|Any CPU.ActiveCfg = Release|Any CPU
		{4ABED5EC-5A77-4A47-8283-ECB9753CF0C2}.Release|Any CPU.Build.0 = Release|Any CPU
		{4ABED5EC-5A77-4A47-8283-ECB9753CF0C2}.Release|x64.ActiveCfg = Release|Any CPU
		{4ABED5EC-5A77-4A47-8283-ECB9753CF0C2}.Release|x64.Build.0 = Release|Any CPU
		{4ABED5EC-5A77-4A47-8283-ECB9753CF0C2}.Release|x86.ActiveCfg = Release|Any CPU
		{4ABED5EC-5A77-4A47-8283-ECB9753CF0C2}.Release|x86.Build.0 = Release|Any CPU
		{AD41D3D0-C1E7-4AD3-AE17-71118D927BC6}.Debug|Any CPU.ActiveCfg = Debug|Any CPU
		{AD41D3D0-C1E7-4AD3-AE17-71118D927BC6}.Debug|Any CPU.Build.0 = Debug|Any CPU
		{AD41D3D0-C1E7-4AD3-AE17-71118D927BC6}.Debug|x64.ActiveCfg = Debug|Any CPU
		{AD41D3D0-C1E7-4AD3-AE17-71118D927BC6}.Debug|x64.Build.0 = Debug|Any CPU
		{AD41D3D0-C1E7-4AD3-AE17-71118D927BC6}.Debug|x86.ActiveCfg = Debug|Any CPU
		{AD41D3D0-C1E7-4AD3-AE17-71118D927BC6}.Debug|x86.Build.0 = Debug|Any CPU
		{AD41D3D0-C1E7-4AD3-AE17-71118D927BC6}.Release|Any CPU.ActiveCfg = Release|Any CPU
		{AD41D3D0-C1E7-4AD3-AE17-71118D927BC6}.Release|Any CPU.Build.0 = Release|Any CPU
		{AD41D3D0-C1E7-4AD3-AE17-71118D927BC6}.Release|x64.ActiveCfg = Release|Any CPU
		{AD41D3D0-C1E7-4AD3-AE17-71118D927BC6}.Release|x64.Build.0 = Release|Any CPU
		{AD41D3D0-C1E7-4AD3-AE17-71118D927BC6}.Release|x86.ActiveCfg = Release|Any CPU
		{AD41D3D0-C1E7-4AD3-AE17-71118D927BC6}.Release|x86.Build.0 = Release|Any CPU
		{B6D8C622-F219-4683-A1B5-88EB938B62AF}.Debug|Any CPU.ActiveCfg = Debug|Any CPU
		{B6D8C622-F219-4683-A1B5-88EB938B62AF}.Debug|Any CPU.Build.0 = Debug|Any CPU
		{B6D8C622-F219-4683-A1B5-88EB938B62AF}.Debug|x64.ActiveCfg = Debug|Any CPU
		{B6D8C622-F219-4683-A1B5-88EB938B62AF}.Debug|x64.Build.0 = Debug|Any CPU
		{B6D8C622-F219-4683-A1B5-88EB938B62AF}.Debug|x86.ActiveCfg = Debug|Any CPU
		{B6D8C622-F219-4683-A1B5-88EB938B62AF}.Debug|x86.Build.0 = Debug|Any CPU
		{B6D8C622-F219-4683-A1B5-88EB938B62AF}.Release|Any CPU.ActiveCfg = Release|Any CPU
		{B6D8C622-F219-4683-A1B5-88EB938B62AF}.Release|Any CPU.Build.0 = Release|Any CPU
		{B6D8C622-F219-4683-A1B5-88EB938B62AF}.Release|x64.ActiveCfg = Release|Any CPU
		{B6D8C622-F219-4683-A1B5-88EB938B62AF}.Release|x64.Build.0 = Release|Any CPU
		{B6D8C622-F219-4683-A1B5-88EB938B62AF}.Release|x86.ActiveCfg = Release|Any CPU
		{B6D8C622-F219-4683-A1B5-88EB938B62AF}.Release|x86.Build.0 = Release|Any CPU
		{35CA1C49-B0E5-4F87-9A5E-6BF3548A9950}.Debug|Any CPU.ActiveCfg = Debug|Any CPU
		{35CA1C49-B0E5-4F87-9A5E-6BF3548A9950}.Debug|Any CPU.Build.0 = Debug|Any CPU
		{35CA1C49-B0E5-4F87-9A5E-6BF3548A9950}.Debug|x64.ActiveCfg = Debug|Any CPU
		{35CA1C49-B0E5-4F87-9A5E-6BF3548A9950}.Debug|x64.Build.0 = Debug|Any CPU
		{35CA1C49-B0E5-4F87-9A5E-6BF3548A9950}.Debug|x86.ActiveCfg = Debug|Any CPU
		{35CA1C49-B0E5-4F87-9A5E-6BF3548A9950}.Debug|x86.Build.0 = Debug|Any CPU
		{35CA1C49-B0E5-4F87-9A5E-6BF3548A9950}.Release|Any CPU.ActiveCfg = Release|Any CPU
		{35CA1C49-B0E5-4F87-9A5E-6BF3548A9950}.Release|Any CPU.Build.0 = Release|Any CPU
		{35CA1C49-B0E5-4F87-9A5E-6BF3548A9950}.Release|x64.ActiveCfg = Release|Any CPU
		{35CA1C49-B0E5-4F87-9A5E-6BF3548A9950}.Release|x64.Build.0 = Release|Any CPU
		{35CA1C49-B0E5-4F87-9A5E-6BF3548A9950}.Release|x86.ActiveCfg = Release|Any CPU
		{35CA1C49-B0E5-4F87-9A5E-6BF3548A9950}.Release|x86.Build.0 = Release|Any CPU
		{8E94CC6B-63D3-4AF9-8D08-DA416AE3E77A}.Debug|Any CPU.ActiveCfg = Debug|Any CPU
		{8E94CC6B-63D3-4AF9-8D08-DA416AE3E77A}.Debug|Any CPU.Build.0 = Debug|Any CPU
		{8E94CC6B-63D3-4AF9-8D08-DA416AE3E77A}.Debug|x64.ActiveCfg = Debug|Any CPU
		{8E94CC6B-63D3-4AF9-8D08-DA416AE3E77A}.Debug|x64.Build.0 = Debug|Any CPU
		{8E94CC6B-63D3-4AF9-8D08-DA416AE3E77A}.Debug|x86.ActiveCfg = Debug|Any CPU
		{8E94CC6B-63D3-4AF9-8D08-DA416AE3E77A}.Debug|x86.Build.0 = Debug|Any CPU
		{8E94CC6B-63D3-4AF9-8D08-DA416AE3E77A}.Release|Any CPU.ActiveCfg = Release|Any CPU
		{8E94CC6B-63D3-4AF9-8D08-DA416AE3E77A}.Release|Any CPU.Build.0 = Release|Any CPU
		{8E94CC6B-63D3-4AF9-8D08-DA416AE3E77A}.Release|x64.ActiveCfg = Release|Any CPU
		{8E94CC6B-63D3-4AF9-8D08-DA416AE3E77A}.Release|x64.Build.0 = Release|Any CPU
		{8E94CC6B-63D3-4AF9-8D08-DA416AE3E77A}.Release|x86.ActiveCfg = Release|Any CPU
		{8E94CC6B-63D3-4AF9-8D08-DA416AE3E77A}.Release|x86.Build.0 = Release|Any CPU
		{63D0E48D-CA99-46D3-81D0-B1E76F793430}.Debug|Any CPU.ActiveCfg = Debug|Any CPU
		{63D0E48D-CA99-46D3-81D0-B1E76F793430}.Debug|Any CPU.Build.0 = Debug|Any CPU
		{63D0E48D-CA99-46D3-81D0-B1E76F793430}.Debug|x64.ActiveCfg = Debug|Any CPU
		{63D0E48D-CA99-46D3-81D0-B1E76F793430}.Debug|x64.Build.0 = Debug|Any CPU
		{63D0E48D-CA99-46D3-81D0-B1E76F793430}.Debug|x86.ActiveCfg = Debug|Any CPU
		{63D0E48D-CA99-46D3-81D0-B1E76F793430}.Debug|x86.Build.0 = Debug|Any CPU
		{63D0E48D-CA99-46D3-81D0-B1E76F793430}.Release|Any CPU.ActiveCfg = Release|Any CPU
		{63D0E48D-CA99-46D3-81D0-B1E76F793430}.Release|Any CPU.Build.0 = Release|Any CPU
		{63D0E48D-CA99-46D3-81D0-B1E76F793430}.Release|x64.ActiveCfg = Release|Any CPU
		{63D0E48D-CA99-46D3-81D0-B1E76F793430}.Release|x64.Build.0 = Release|Any CPU
		{63D0E48D-CA99-46D3-81D0-B1E76F793430}.Release|x86.ActiveCfg = Release|Any CPU
		{63D0E48D-CA99-46D3-81D0-B1E76F793430}.Release|x86.Build.0 = Release|Any CPU
		{9EF4F62A-E8B9-4FC5-96DA-60D7DE61D64C}.Debug|Any CPU.ActiveCfg = Debug|Any CPU
		{9EF4F62A-E8B9-4FC5-96DA-60D7DE61D64C}.Debug|Any CPU.Build.0 = Debug|Any CPU
		{9EF4F62A-E8B9-4FC5-96DA-60D7DE61D64C}.Debug|x64.ActiveCfg = Debug|Any CPU
		{9EF4F62A-E8B9-4FC5-96DA-60D7DE61D64C}.Debug|x64.Build.0 = Debug|Any CPU
		{9EF4F62A-E8B9-4FC5-96DA-60D7DE61D64C}.Debug|x86.ActiveCfg = Debug|Any CPU
		{9EF4F62A-E8B9-4FC5-96DA-60D7DE61D64C}.Debug|x86.Build.0 = Debug|Any CPU
		{9EF4F62A-E8B9-4FC5-96DA-60D7DE61D64C}.Release|Any CPU.ActiveCfg = Release|Any CPU
		{9EF4F62A-E8B9-4FC5-96DA-60D7DE61D64C}.Release|Any CPU.Build.0 = Release|Any CPU
		{9EF4F62A-E8B9-4FC5-96DA-60D7DE61D64C}.Release|x64.ActiveCfg = Release|Any CPU
		{9EF4F62A-E8B9-4FC5-96DA-60D7DE61D64C}.Release|x64.Build.0 = Release|Any CPU
		{9EF4F62A-E8B9-4FC5-96DA-60D7DE61D64C}.Release|x86.ActiveCfg = Release|Any CPU
		{9EF4F62A-E8B9-4FC5-96DA-60D7DE61D64C}.Release|x86.Build.0 = Release|Any CPU
		{BDC6BAED-05EE-4FDB-ACFB-79CAF4732C26}.Debug|Any CPU.ActiveCfg = Debug|Any CPU
		{BDC6BAED-05EE-4FDB-ACFB-79CAF4732C26}.Debug|Any CPU.Build.0 = Debug|Any CPU
		{BDC6BAED-05EE-4FDB-ACFB-79CAF4732C26}.Debug|x64.ActiveCfg = Debug|Any CPU
		{BDC6BAED-05EE-4FDB-ACFB-79CAF4732C26}.Debug|x64.Build.0 = Debug|Any CPU
		{BDC6BAED-05EE-4FDB-ACFB-79CAF4732C26}.Debug|x86.ActiveCfg = Debug|Any CPU
		{BDC6BAED-05EE-4FDB-ACFB-79CAF4732C26}.Debug|x86.Build.0 = Debug|Any CPU
		{BDC6BAED-05EE-4FDB-ACFB-79CAF4732C26}.Release|Any CPU.ActiveCfg = Release|Any CPU
		{BDC6BAED-05EE-4FDB-ACFB-79CAF4732C26}.Release|Any CPU.Build.0 = Release|Any CPU
		{BDC6BAED-05EE-4FDB-ACFB-79CAF4732C26}.Release|x64.ActiveCfg = Release|Any CPU
		{BDC6BAED-05EE-4FDB-ACFB-79CAF4732C26}.Release|x64.Build.0 = Release|Any CPU
		{BDC6BAED-05EE-4FDB-ACFB-79CAF4732C26}.Release|x86.ActiveCfg = Release|Any CPU
		{BDC6BAED-05EE-4FDB-ACFB-79CAF4732C26}.Release|x86.Build.0 = Release|Any CPU
		{CDA3723E-42CF-4A8C-92D9-F928A0E56681}.Debug|Any CPU.ActiveCfg = Debug|Any CPU
		{CDA3723E-42CF-4A8C-92D9-F928A0E56681}.Debug|Any CPU.Build.0 = Debug|Any CPU
		{CDA3723E-42CF-4A8C-92D9-F928A0E56681}.Debug|x64.ActiveCfg = Debug|Any CPU
		{CDA3723E-42CF-4A8C-92D9-F928A0E56681}.Debug|x64.Build.0 = Debug|Any CPU
		{CDA3723E-42CF-4A8C-92D9-F928A0E56681}.Debug|x86.ActiveCfg = Debug|Any CPU
		{CDA3723E-42CF-4A8C-92D9-F928A0E56681}.Debug|x86.Build.0 = Debug|Any CPU
		{CDA3723E-42CF-4A8C-92D9-F928A0E56681}.Release|Any CPU.ActiveCfg = Release|Any CPU
		{CDA3723E-42CF-4A8C-92D9-F928A0E56681}.Release|Any CPU.Build.0 = Release|Any CPU
		{CDA3723E-42CF-4A8C-92D9-F928A0E56681}.Release|x64.ActiveCfg = Release|Any CPU
		{CDA3723E-42CF-4A8C-92D9-F928A0E56681}.Release|x64.Build.0 = Release|Any CPU
		{CDA3723E-42CF-4A8C-92D9-F928A0E56681}.Release|x86.ActiveCfg = Release|Any CPU
		{CDA3723E-42CF-4A8C-92D9-F928A0E56681}.Release|x86.Build.0 = Release|Any CPU
		{792C56A9-F3D9-4E73-8455-9D49D7DBC925}.Debug|Any CPU.ActiveCfg = Debug|Any CPU
		{792C56A9-F3D9-4E73-8455-9D49D7DBC925}.Debug|Any CPU.Build.0 = Debug|Any CPU
		{792C56A9-F3D9-4E73-8455-9D49D7DBC925}.Debug|x64.ActiveCfg = Debug|Any CPU
		{792C56A9-F3D9-4E73-8455-9D49D7DBC925}.Debug|x64.Build.0 = Debug|Any CPU
		{792C56A9-F3D9-4E73-8455-9D49D7DBC925}.Debug|x86.ActiveCfg = Debug|Any CPU
		{792C56A9-F3D9-4E73-8455-9D49D7DBC925}.Debug|x86.Build.0 = Debug|Any CPU
		{792C56A9-F3D9-4E73-8455-9D49D7DBC925}.Release|Any CPU.ActiveCfg = Release|Any CPU
		{792C56A9-F3D9-4E73-8455-9D49D7DBC925}.Release|Any CPU.Build.0 = Release|Any CPU
		{792C56A9-F3D9-4E73-8455-9D49D7DBC925}.Release|x64.ActiveCfg = Release|Any CPU
		{792C56A9-F3D9-4E73-8455-9D49D7DBC925}.Release|x64.Build.0 = Release|Any CPU
		{792C56A9-F3D9-4E73-8455-9D49D7DBC925}.Release|x86.ActiveCfg = Release|Any CPU
		{792C56A9-F3D9-4E73-8455-9D49D7DBC925}.Release|x86.Build.0 = Release|Any CPU
		{6131CC01-DB13-4BE1-B4F2-51B3DAB2D008}.Debug|Any CPU.ActiveCfg = Debug|Any CPU
		{6131CC01-DB13-4BE1-B4F2-51B3DAB2D008}.Debug|Any CPU.Build.0 = Debug|Any CPU
		{6131CC01-DB13-4BE1-B4F2-51B3DAB2D008}.Debug|x64.ActiveCfg = Debug|Any CPU
		{6131CC01-DB13-4BE1-B4F2-51B3DAB2D008}.Debug|x64.Build.0 = Debug|Any CPU
		{6131CC01-DB13-4BE1-B4F2-51B3DAB2D008}.Debug|x86.ActiveCfg = Debug|Any CPU
		{6131CC01-DB13-4BE1-B4F2-51B3DAB2D008}.Debug|x86.Build.0 = Debug|Any CPU
		{6131CC01-DB13-4BE1-B4F2-51B3DAB2D008}.Release|Any CPU.ActiveCfg = Release|Any CPU
		{6131CC01-DB13-4BE1-B4F2-51B3DAB2D008}.Release|Any CPU.Build.0 = Release|Any CPU
		{6131CC01-DB13-4BE1-B4F2-51B3DAB2D008}.Release|x64.ActiveCfg = Release|Any CPU
		{6131CC01-DB13-4BE1-B4F2-51B3DAB2D008}.Release|x64.Build.0 = Release|Any CPU
		{6131CC01-DB13-4BE1-B4F2-51B3DAB2D008}.Release|x86.ActiveCfg = Release|Any CPU
		{6131CC01-DB13-4BE1-B4F2-51B3DAB2D008}.Release|x86.Build.0 = Release|Any CPU
		{A44967B4-FF3B-494D-9655-8DCC627FE5B3}.Debug|Any CPU.ActiveCfg = Debug|Any CPU
		{A44967B4-FF3B-494D-9655-8DCC627FE5B3}.Debug|Any CPU.Build.0 = Debug|Any CPU
		{A44967B4-FF3B-494D-9655-8DCC627FE5B3}.Debug|x64.ActiveCfg = Debug|Any CPU
		{A44967B4-FF3B-494D-9655-8DCC627FE5B3}.Debug|x64.Build.0 = Debug|Any CPU
		{A44967B4-FF3B-494D-9655-8DCC627FE5B3}.Debug|x86.ActiveCfg = Debug|Any CPU
		{A44967B4-FF3B-494D-9655-8DCC627FE5B3}.Debug|x86.Build.0 = Debug|Any CPU
		{A44967B4-FF3B-494D-9655-8DCC627FE5B3}.Release|Any CPU.ActiveCfg = Release|Any CPU
		{A44967B4-FF3B-494D-9655-8DCC627FE5B3}.Release|Any CPU.Build.0 = Release|Any CPU
		{A44967B4-FF3B-494D-9655-8DCC627FE5B3}.Release|x64.ActiveCfg = Release|Any CPU
		{A44967B4-FF3B-494D-9655-8DCC627FE5B3}.Release|x64.Build.0 = Release|Any CPU
		{A44967B4-FF3B-494D-9655-8DCC627FE5B3}.Release|x86.ActiveCfg = Release|Any CPU
		{A44967B4-FF3B-494D-9655-8DCC627FE5B3}.Release|x86.Build.0 = Release|Any CPU
		{1133797E-3331-431F-B8A2-EB427A718C50}.Debug|Any CPU.ActiveCfg = Debug|Any CPU
		{1133797E-3331-431F-B8A2-EB427A718C50}.Debug|Any CPU.Build.0 = Debug|Any CPU
		{1133797E-3331-431F-B8A2-EB427A718C50}.Debug|x64.ActiveCfg = Debug|Any CPU
		{1133797E-3331-431F-B8A2-EB427A718C50}.Debug|x64.Build.0 = Debug|Any CPU
		{1133797E-3331-431F-B8A2-EB427A718C50}.Debug|x86.ActiveCfg = Debug|Any CPU
		{1133797E-3331-431F-B8A2-EB427A718C50}.Debug|x86.Build.0 = Debug|Any CPU
		{1133797E-3331-431F-B8A2-EB427A718C50}.Release|Any CPU.ActiveCfg = Release|Any CPU
		{1133797E-3331-431F-B8A2-EB427A718C50}.Release|Any CPU.Build.0 = Release|Any CPU
		{1133797E-3331-431F-B8A2-EB427A718C50}.Release|x64.ActiveCfg = Release|Any CPU
		{1133797E-3331-431F-B8A2-EB427A718C50}.Release|x64.Build.0 = Release|Any CPU
		{1133797E-3331-431F-B8A2-EB427A718C50}.Release|x86.ActiveCfg = Release|Any CPU
		{1133797E-3331-431F-B8A2-EB427A718C50}.Release|x86.Build.0 = Release|Any CPU
		{DE709FBD-B530-4FBA-A520-6C9CE8B4D2D5}.Debug|Any CPU.ActiveCfg = Debug|Any CPU
		{DE709FBD-B530-4FBA-A520-6C9CE8B4D2D5}.Debug|Any CPU.Build.0 = Debug|Any CPU
		{DE709FBD-B530-4FBA-A520-6C9CE8B4D2D5}.Debug|x64.ActiveCfg = Debug|Any CPU
		{DE709FBD-B530-4FBA-A520-6C9CE8B4D2D5}.Debug|x64.Build.0 = Debug|Any CPU
		{DE709FBD-B530-4FBA-A520-6C9CE8B4D2D5}.Debug|x86.ActiveCfg = Debug|Any CPU
		{DE709FBD-B530-4FBA-A520-6C9CE8B4D2D5}.Debug|x86.Build.0 = Debug|Any CPU
		{DE709FBD-B530-4FBA-A520-6C9CE8B4D2D5}.Release|Any CPU.ActiveCfg = Release|Any CPU
		{DE709FBD-B530-4FBA-A520-6C9CE8B4D2D5}.Release|Any CPU.Build.0 = Release|Any CPU
		{DE709FBD-B530-4FBA-A520-6C9CE8B4D2D5}.Release|x64.ActiveCfg = Release|Any CPU
		{DE709FBD-B530-4FBA-A520-6C9CE8B4D2D5}.Release|x64.Build.0 = Release|Any CPU
		{DE709FBD-B530-4FBA-A520-6C9CE8B4D2D5}.Release|x86.ActiveCfg = Release|Any CPU
		{DE709FBD-B530-4FBA-A520-6C9CE8B4D2D5}.Release|x86.Build.0 = Release|Any CPU
	EndGlobalSection
	GlobalSection(SolutionProperties) = preSolution
		HideSolutionNode = FALSE
	EndGlobalSection
EndGlobal
